dependencies:
- name: postgresql
  repository: https://charts.bitnami.com/bitnami
  version: 8.9.5
- name: redis
  repository: https://charts.bitnami.com/bitnami
  version: 10.6.13
digest: sha256:aa08f36e9d3ad3a47ead3e45160abdc2e9e24de52ba5deaddc6242593d44af89
generated: "2021-04-22T12:58:51.488768+02:00"
