dependencies:
- name: postgresql
  repository: https://charts.bitnami.com/bitnami
  version: 11.9.7
- name: redis
  repository: https://charts.bitnami.com/bitnami
  version: 17.3.4
digest: sha256:a8110672f11d7be1e68b562e56ffbadabe1fd5b9ad19e91109f17317dd1f7910
generated: "2022-10-10T18:38:06.409054+02:00"
