dependencies:
- name: postgresql
  repository: https://charts.bitnami.com/bitnami
  version: 12.12.5
- name: redis
  repository: https://charts.bitnami.com/bitnami
  version: 18.1.0
digest: sha256:ed057e143deecb6af6c85d1345d2a5d6e7b7007ceb7024efc55532d5c4a31dc2
generated: "2024-12-23T17:00:54.594721+01:00"
